
Microsoft Visual Studio Solution File, Format Version 12.00
# Visual Studio Version 17
VisualStudioVersion = 17.4.33213.308
MinimumVisualStudioVersion = 10.0.40219.1
Project("{9A19103F-16F7-4668-BE54-9A1E7A4F7556}") = "Pacagroup.Ecommerce.Transversal.Common", "Pacagroup.Ecommerce.Transversal.Common\Pacagroup.Ecommerce.Transversal.Common.csproj", "{968DC1F4-C7A3-4DCC-A203-E7604105132B}"
EndProject
Project("{2150E333-8FDC-42A3-9474-1A3956D46DE8}") = "Transversal", "Transversal", "{38EA2721-14BC-4151-927B-3A48D19EF16D}"
EndProject
Project("{2150E333-8FDC-42A3-9474-1A3956D46DE8}") = "Infraestructura", "Infraestructura", "{2067BC46-F5CC-4AF9-917D-A1613C780BBF}"
EndProject
Project("{2150E333-8FDC-42A3-9474-1A3956D46DE8}") = "Dominio", "Dominio", "{61CBC543-C2DA-479B-A3F8-F8EA8F2CB567}"
EndProject
Project("{2150E333-8FDC-42A3-9474-1A3956D46DE8}") = "Aplicacion", "Aplicacion", "{4EA3A1C3-8B44-4DB5-A3D9-19C79D00C94E}"
EndProject
Project("{2150E333-8FDC-42A3-9474-1A3956D46DE8}") = "Servicio", "Servicio", "{5FF7921E-7B45-4D9F-874C-981C9C41DB61}"
EndProject
Project("{9A19103F-16F7-4668-BE54-9A1E7A4F7556}") = "Pacagroup.Ecommerce.Infraestructura.Data", "Pacagroup.Ecommerce.Infraestructura.Data\Pacagroup.Ecommerce.Infraestructura.Data.csproj", "{F5936EC6-B2FD-4E0C-9112-FDB1D265468C}"
EndProject
Project("{9A19103F-16F7-4668-BE54-9A1E7A4F7556}") = "Pacagroup.Ecommerce.Infraestructura.Interface", "Pacagroup.Ecommerce.Infraestructura.Interface\Pacagroup.Ecommerce.Infraestructura.Interface.csproj", "{2D777FE6-21B7-4E78-B52C-465B058AFB8F}"
EndProject
Project("{9A19103F-16F7-4668-BE54-9A1E7A4F7556}") = "Pacagroup.Ecommerce.Domain.Entity", "Pacagroup.Ecommerce.Domain.Entity\Pacagroup.Ecommerce.Domain.Entity.csproj", "{DE0B1A05-6989-4EA6-9040-31AB29BCEC96}"
EndProject
Project("{9A19103F-16F7-4668-BE54-9A1E7A4F7556}") = "Pacagroup.Ecommerce.Infraestructura.Repository", "Pacagroup.Ecommerce.Infraestructura.Repository\Pacagroup.Ecommerce.Infraestructura.Repository.csproj", "{85E4C54F-1DF6-4AD3-BC8F-B194037005F3}"
EndProject
Project("{9A19103F-16F7-4668-BE54-9A1E7A4F7556}") = "Pacagroup.Ecommerce.Domain.Interface", "Pacagroup.Ecommerce.Domain.Interface\Pacagroup.Ecommerce.Domain.Interface.csproj", "{9C66F03D-BD9B-4A6C-91F8-DB7662ABCBA6}"
EndProject
Project("{9A19103F-16F7-4668-BE54-9A1E7A4F7556}") = "Pacagroup.Ecommerce.Domain.Core", "Pacagroup.Ecommerce.Domain.Core\Pacagroup.Ecommerce.Domain.Core.csproj", "{54666E6C-8D07-4791-9178-ED1295B19C40}"
EndProject
Project("{9A19103F-16F7-4668-BE54-9A1E7A4F7556}") = "Pacagroup.Ecommerce.Application.Interface", "Pacagroup.Ecommerce.Application.Interface\Pacagroup.Ecommerce.Application.Interface.csproj", "{55386C77-E6A7-4FC9-8450-9C882E271485}"
EndProject
Project("{9A19103F-16F7-4668-BE54-9A1E7A4F7556}") = "Pacagroup.Ecommerce.Application.DTO", "Pacagroup.Ecommerce.Application.DTO\Pacagroup.Ecommerce.Application.DTO.csproj", "{6293E4F1-C781-462C-9148-DAA737A65DBE}"
EndProject
Project("{9A19103F-16F7-4668-BE54-9A1E7A4F7556}") = "Pacagroup.Ecommerce.Transversal.Mapper", "Pacagroup.Ecommerce.Transversal.Mapper\Pacagroup.Ecommerce.Transversal.Mapper.csproj", "{D703CED1-94D3-4DAB-8CA1-2D07E2EC5A02}"
EndProject
Project("{9A19103F-16F7-4668-BE54-9A1E7A4F7556}") = "Pacagroup.Ecommerce.Application.Main", "Pacagroup.Ecommerce.Application.Main\Pacagroup.Ecommerce.Application.Main.csproj", "{4E99DF15-EBED-4909-8C8F-517188FFF9A1}"
EndProject
Project("{9A19103F-16F7-4668-BE54-9A1E7A4F7556}") = "Pacagroup.Ecommerce.Services.WebApi", "Pacagroup.Ecommerce.Services.WebApi\Pacagroup.Ecommerce.Services.WebApi.csproj", "{E72B997D-41B5-4546-932C-D7F870DAE1CB}"
EndProject
Project("{9A19103F-16F7-4668-BE54-9A1E7A4F7556}") = "Pacagroup.Ecommerce.Transversal.Logging", "Pacagroup.Ecommerce.Transversal.Logging\Pacagroup.Ecommerce.Transversal.Logging.csproj", "{9C8C4E7A-6EBA-4743-9BD6-D69EEFCBE03A}"
EndProject
Project("{FAE04EC0-301F-11D3-BF4B-00C04F79EFBC}") = "Pacagroup.Ecommerce.Application.Validator", "Pacagroup.Ecommerce.Application.Validator\Pacagroup.Ecommerce.Application.Validator.csproj", "{E7A71CE8-7A5C-460C-B111-92009242E6D0}"
EndProject
Global
	GlobalSection(SolutionConfigurationPlatforms) = preSolution
		Debug|Any CPU = Debug|Any CPU
		Release|Any CPU = Release|Any CPU
	EndGlobalSection
	GlobalSection(ProjectConfigurationPlatforms) = postSolution
		{968DC1F4-C7A3-4DCC-A203-E7604105132B}.Debug|Any CPU.ActiveCfg = Debug|Any CPU
		{968DC1F4-C7A3-4DCC-A203-E7604105132B}.Debug|Any CPU.Build.0 = Debug|Any CPU
		{968DC1F4-C7A3-4DCC-A203-E7604105132B}.Release|Any CPU.ActiveCfg = Release|Any CPU
		{968DC1F4-C7A3-4DCC-A203-E7604105132B}.Release|Any CPU.Build.0 = Release|Any CPU
		{F5936EC6-B2FD-4E0C-9112-FDB1D265468C}.Debug|Any CPU.ActiveCfg = Debug|Any CPU
		{F5936EC6-B2FD-4E0C-9112-FDB1D265468C}.Debug|Any CPU.Build.0 = Debug|Any CPU
		{F5936EC6-B2FD-4E0C-9112-FDB1D265468C}.Release|Any CPU.ActiveCfg = Release|Any CPU
		{F5936EC6-B2FD-4E0C-9112-FDB1D265468C}.Release|Any CPU.Build.0 = Release|Any CPU
		{2D777FE6-21B7-4E78-B52C-465B058AFB8F}.Debug|Any CPU.ActiveCfg = Debug|Any CPU
		{2D777FE6-21B7-4E78-B52C-465B058AFB8F}.Debug|Any CPU.Build.0 = Debug|Any CPU
		{2D777FE6-21B7-4E78-B52C-465B058AFB8F}.Release|Any CPU.ActiveCfg = Release|Any CPU
		{2D777FE6-21B7-4E78-B52C-465B058AFB8F}.Release|Any CPU.Build.0 = Release|Any CPU
		{DE0B1A05-6989-4EA6-9040-31AB29BCEC96}.Debug|Any CPU.ActiveCfg = Debug|Any CPU
		{DE0B1A05-6989-4EA6-9040-31AB29BCEC96}.Debug|Any CPU.Build.0 = Debug|Any CPU
		{DE0B1A05-6989-4EA6-9040-31AB29BCEC96}.Release|Any CPU.ActiveCfg = Release|Any CPU
		{DE0B1A05-6989-4EA6-9040-31AB29BCEC96}.Release|Any CPU.Build.0 = Release|Any CPU
		{85E4C54F-1DF6-4AD3-BC8F-B194037005F3}.Debug|Any CPU.ActiveCfg = Debug|Any CPU
		{85E4C54F-1DF6-4AD3-BC8F-B194037005F3}.Debug|Any CPU.Build.0 = Debug|Any CPU
		{85E4C54F-1DF6-4AD3-BC8F-B194037005F3}.Release|Any CPU.ActiveCfg = Release|Any CPU
		{85E4C54F-1DF6-4AD3-BC8F-B194037005F3}.Release|Any CPU.Build.0 = Release|Any CPU
		{9C66F03D-BD9B-4A6C-91F8-DB7662ABCBA6}.Debug|Any CPU.ActiveCfg = Debug|Any CPU
		{9C66F03D-BD9B-4A6C-91F8-DB7662ABCBA6}.Debug|Any CPU.Build.0 = Debug|Any CPU
		{9C66F03D-BD9B-4A6C-91F8-DB7662ABCBA6}.Release|Any CPU.ActiveCfg = Release|Any CPU
		{9C66F03D-BD9B-4A6C-91F8-DB7662ABCBA6}.Release|Any CPU.Build.0 = Release|Any CPU
		{54666E6C-8D07-4791-9178-ED1295B19C40}.Debug|Any CPU.ActiveCfg = Debug|Any CPU
		{54666E6C-8D07-4791-9178-ED1295B19C40}.Debug|Any CPU.Build.0 = Debug|Any CPU
		{54666E6C-8D07-4791-9178-ED1295B19C40}.Release|Any CPU.ActiveCfg = Release|Any CPU
		{54666E6C-8D07-4791-9178-ED1295B19C40}.Release|Any CPU.Build.0 = Release|Any CPU
		{55386C77-E6A7-4FC9-8450-9C882E271485}.Debug|Any CPU.ActiveCfg = Debug|Any CPU
		{55386C77-E6A7-4FC9-8450-9C882E271485}.Debug|Any CPU.Build.0 = Debug|Any CPU
		{55386C77-E6A7-4FC9-8450-9C882E271485}.Release|Any CPU.ActiveCfg = Release|Any CPU
		{55386C77-E6A7-4FC9-8450-9C882E271485}.Release|Any CPU.Build.0 = Release|Any CPU
		{6293E4F1-C781-462C-9148-DAA737A65DBE}.Debug|Any CPU.ActiveCfg = Debug|Any CPU
		{6293E4F1-C781-462C-9148-DAA737A65DBE}.Debug|Any CPU.Build.0 = Debug|Any CPU
		{6293E4F1-C781-462C-9148-DAA737A65DBE}.Release|Any CPU.ActiveCfg = Release|Any CPU
		{6293E4F1-C781-462C-9148-DAA737A65DBE}.Release|Any CPU.Build.0 = Release|Any CPU
		{D703CED1-94D3-4DAB-8CA1-2D07E2EC5A02}.Debug|Any CPU.ActiveCfg = Debug|Any CPU
		{D703CED1-94D3-4DAB-8CA1-2D07E2EC5A02}.Debug|Any CPU.Build.0 = Debug|Any CPU
		{D703CED1-94D3-4DAB-8CA1-2D07E2EC5A02}.Release|Any CPU.ActiveCfg = Release|Any CPU
		{D703CED1-94D3-4DAB-8CA1-2D07E2EC5A02}.Release|Any CPU.Build.0 = Release|Any CPU
		{4E99DF15-EBED-4909-8C8F-517188FFF9A1}.Debug|Any CPU.ActiveCfg = Debug|Any CPU
		{4E99DF15-EBED-4909-8C8F-517188FFF9A1}.Debug|Any CPU.Build.0 = Debug|Any CPU
		{4E99DF15-EBED-4909-8C8F-517188FFF9A1}.Release|Any CPU.ActiveCfg = Release|Any CPU
		{4E99DF15-EBED-4909-8C8F-517188FFF9A1}.Release|Any CPU.Build.0 = Release|Any CPU
		{E72B997D-41B5-4546-932C-D7F870DAE1CB}.Debug|Any CPU.ActiveCfg = Debug|Any CPU
		{E72B997D-41B5-4546-932C-D7F870DAE1CB}.Debug|Any CPU.Build.0 = Debug|Any CPU
		{E72B997D-41B5-4546-932C-D7F870DAE1CB}.Release|Any CPU.ActiveCfg = Release|Any CPU
		{E72B997D-41B5-4546-932C-D7F870DAE1CB}.Release|Any CPU.Build.0 = Release|Any CPU
		{9C8C4E7A-6EBA-4743-9BD6-D69EEFCBE03A}.Debug|Any CPU.ActiveCfg = Debug|Any CPU
		{9C8C4E7A-6EBA-4743-9BD6-D69EEFCBE03A}.Debug|Any CPU.Build.0 = Debug|Any CPU
		{9C8C4E7A-6EBA-4743-9BD6-D69EEFCBE03A}.Release|Any CPU.ActiveCfg = Release|Any CPU
		{9C8C4E7A-6EBA-4743-9BD6-D69EEFCBE03A}.Release|Any CPU.Build.0 = Release|Any CPU
		{E7A71CE8-7A5C-460C-B111-92009242E6D0}.Debug|Any CPU.ActiveCfg = Debug|Any CPU
		{E7A71CE8-7A5C-460C-B111-92009242E6D0}.Debug|Any CPU.Build.0 = Debug|Any CPU
		{E7A71CE8-7A5C-460C-B111-92009242E6D0}.Release|Any CPU.ActiveCfg = Release|Any CPU
		{E7A71CE8-7A5C-460C-B111-92009242E6D0}.Release|Any CPU.Build.0 = Release|Any CPU
	EndGlobalSection
	GlobalSection(SolutionProperties) = preSolution
		HideSolutionNode = FALSE
	EndGlobalSection
	GlobalSection(NestedProjects) = preSolution
		{968DC1F4-C7A3-4DCC-A203-E7604105132B} = {38EA2721-14BC-4151-927B-3A48D19EF16D}
		{F5936EC6-B2FD-4E0C-9112-FDB1D265468C} = {2067BC46-F5CC-4AF9-917D-A1613C780BBF}
		{2D777FE6-21B7-4E78-B52C-465B058AFB8F} = {2067BC46-F5CC-4AF9-917D-A1613C780BBF}
		{DE0B1A05-6989-4EA6-9040-31AB29BCEC96} = {61CBC543-C2DA-479B-A3F8-F8EA8F2CB567}
		{85E4C54F-1DF6-4AD3-BC8F-B194037005F3} = {2067BC46-F5CC-4AF9-917D-A1613C780BBF}
		{9C66F03D-BD9B-4A6C-91F8-DB7662ABCBA6} = {61CBC543-C2DA-479B-A3F8-F8EA8F2CB567}
		{54666E6C-8D07-4791-9178-ED1295B19C40} = {61CBC543-C2DA-479B-A3F8-F8EA8F2CB567}
		{55386C77-E6A7-4FC9-8450-9C882E271485} = {4EA3A1C3-8B44-4DB5-A3D9-19C79D00C94E}
		{6293E4F1-C781-462C-9148-DAA737A65DBE} = {4EA3A1C3-8B44-4DB5-A3D9-19C79D00C94E}
		{D703CED1-94D3-4DAB-8CA1-2D07E2EC5A02} = {38EA2721-14BC-4151-927B-3A48D19EF16D}
		{4E99DF15-EBED-4909-8C8F-517188FFF9A1} = {4EA3A1C3-8B44-4DB5-A3D9-19C79D00C94E}
		{E72B997D-41B5-4546-932C-D7F870DAE1CB} = {5FF7921E-7B45-4D9F-874C-981C9C41DB61}
		{9C8C4E7A-6EBA-4743-9BD6-D69EEFCBE03A} = {38EA2721-14BC-4151-927B-3A48D19EF16D}
		{E7A71CE8-7A5C-460C-B111-92009242E6D0} = {4EA3A1C3-8B44-4DB5-A3D9-19C79D00C94E}
	EndGlobalSection
	GlobalSection(ExtensibilityGlobals) = postSolution
		SolutionGuid = {133CF34A-0959-4B2C-AFFF-27AA1C02C572}
	EndGlobalSection
EndGlobal
