
Microsoft Visual Studio Solution File, Format Version 12.00
# Visual Studio Version 17
VisualStudioVersion = 17.4.33213.308
MinimumVisualStudioVersion = 10.0.40219.1
Project("{9A19103F-16F7-4668-BE54-9A1E7A4F7556}") = "Pacagroup.Ecommerce.Transversal.Common", "Pacagroup.Ecommerce.Transversal.Common\Pacagroup.Ecommerce.Transversal.Common.csproj", "{968DC1F4-C7A3-4DCC-A203-E7604105132B}"
EndProject
Project("{2150E333-8FDC-42A3-9474-1A3956D46DE8}") = "Transversal", "Transversal", "{38EA2721-14BC-4151-927B-3A48D19EF16D}"
EndProject
Project("{2150E333-8FDC-42A3-9474-1A3956D46DE8}") = "Infraestructura", "Infraestructura", "{2067BC46-F5CC-4AF9-917D-A1613C780BBF}"
EndProject
Project("{2150E333-8FDC-42A3-9474-1A3956D46DE8}") = "Dominio", "Dominio", "{61CBC543-C2DA-479B-A3F8-F8EA8F2CB567}"
EndProject
Project("{2150E333-8FDC-42A3-9474-1A3956D46DE8}") = "Aplicacion", "Aplicacion", "{4EA3A1C3-8B44-4DB5-A3D9-19C79D00C94E}"
EndProject
Project("{2150E333-8FDC-42A3-9474-1A3956D46DE8}") = "Servicio", "Servicio", "{5FF7921E-7B45-4D9F-874C-981C9C41DB61}"
EndProject
Project("{9A19103F-16F7-4668-BE54-9A1E7A4F7556}") = "Pacagroup.Ecommerce.Application.Interface", "Pacagroup.Ecommerce.Application.Interface\Pacagroup.Ecommerce.Application.Interface.csproj", "{55386C77-E6A7-4FC9-8450-9C882E271485}"
EndProject
Project("{9A19103F-16F7-4668-BE54-9A1E7A4F7556}") = "Pacagroup.Ecommerce.Application.DTO", "Pacagroup.Ecommerce.Application.DTO\Pacagroup.Ecommerce.Application.DTO.csproj", "{6293E4F1-C781-462C-9148-DAA737A65DBE}"
EndProject
Project("{9A19103F-16F7-4668-BE54-9A1E7A4F7556}") = "Pacagroup.Ecommerce.Services.WebApi", "Pacagroup.Ecommerce.Services.WebApi\Pacagroup.Ecommerce.Services.WebApi.csproj", "{E72B997D-41B5-4546-932C-D7F870DAE1CB}"
EndProject
Project("{2150E333-8FDC-42A3-9474-1A3956D46DE8}") = "Prueba", "Prueba", "{6991065A-44EC-40A6-823D-FA3D26CE57A2}"
EndProject
Project("{9A19103F-16F7-4668-BE54-9A1E7A4F7556}") = "Pacagroup.Ecommerce.Application.Test", "Pacagroup.Ecommerce.Application.Test\Pacagroup.Ecommerce.Application.Test.csproj", "{CCD068C6-D046-4DA6-9ACE-DC8F7C8E0342}"
EndProject
Project("{9A19103F-16F7-4668-BE54-9A1E7A4F7556}") = "Pacagroup.Ecommerce.Persistence", "Pacagroup.Ecommerce.Persistence\Pacagroup.Ecommerce.Persistence.csproj", "{98D93D70-7B60-4B6B-85F5-AF25F02D5A7F}"
EndProject
Project("{9A19103F-16F7-4668-BE54-9A1E7A4F7556}") = "Pacagroup.Ecommerce.Application.UseCases", "Pacagroup.Ecommerce.Application.UseCases\Pacagroup.Ecommerce.Application.UseCases.csproj", "{D2BE5085-7EAF-4F07-BBCB-A654A73F9B44}"
EndProject
Project("{9A19103F-16F7-4668-BE54-9A1E7A4F7556}") = "Pacagroup.Ecommerce.Domain", "Pacagroup.Ecommerce.Domain\Pacagroup.Ecommerce.Domain.csproj", "{1F5A92F4-E4BA-413F-9D60-3A128232FA4B}"
EndProject
Project("{9A19103F-16F7-4668-BE54-9A1E7A4F7556}") = "Pacagroup.Ecommerce.Infraestructure", "Pacagroup.Ecommerce.Infraestructure\Pacagroup.Ecommerce.Infraestructure.csproj", "{740E5C8A-02F3-42C4-B7A2-3585857903F4}"
EndProject
Global
	GlobalSection(SolutionConfigurationPlatforms) = preSolution
		Debug|Any CPU = Debug|Any CPU
		Release|Any CPU = Release|Any CPU
	EndGlobalSection
	GlobalSection(ProjectConfigurationPlatforms) = postSolution
		{968DC1F4-C7A3-4DCC-A203-E7604105132B}.Debug|Any CPU.ActiveCfg = Debug|Any CPU
		{968DC1F4-C7A3-4DCC-A203-E7604105132B}.Debug|Any CPU.Build.0 = Debug|Any CPU
		{968DC1F4-C7A3-4DCC-A203-E7604105132B}.Release|Any CPU.ActiveCfg = Release|Any CPU
		{968DC1F4-C7A3-4DCC-A203-E7604105132B}.Release|Any CPU.Build.0 = Release|Any CPU
		{55386C77-E6A7-4FC9-8450-9C882E271485}.Debug|Any CPU.ActiveCfg = Debug|Any CPU
		{55386C77-E6A7-4FC9-8450-9C882E271485}.Debug|Any CPU.Build.0 = Debug|Any CPU
		{55386C77-E6A7-4FC9-8450-9C882E271485}.Release|Any CPU.ActiveCfg = Release|Any CPU
		{55386C77-E6A7-4FC9-8450-9C882E271485}.Release|Any CPU.Build.0 = Release|Any CPU
		{6293E4F1-C781-462C-9148-DAA737A65DBE}.Debug|Any CPU.ActiveCfg = Debug|Any CPU
		{6293E4F1-C781-462C-9148-DAA737A65DBE}.Debug|Any CPU.Build.0 = Debug|Any CPU
		{6293E4F1-C781-462C-9148-DAA737A65DBE}.Release|Any CPU.ActiveCfg = Release|Any CPU
		{6293E4F1-C781-462C-9148-DAA737A65DBE}.Release|Any CPU.Build.0 = Release|Any CPU
		{E72B997D-41B5-4546-932C-D7F870DAE1CB}.Debug|Any CPU.ActiveCfg = Debug|Any CPU
		{E72B997D-41B5-4546-932C-D7F870DAE1CB}.Debug|Any CPU.Build.0 = Debug|Any CPU
		{E72B997D-41B5-4546-932C-D7F870DAE1CB}.Release|Any CPU.ActiveCfg = Release|Any CPU
		{E72B997D-41B5-4546-932C-D7F870DAE1CB}.Release|Any CPU.Build.0 = Release|Any CPU
		{CCD068C6-D046-4DA6-9ACE-DC8F7C8E0342}.Debug|Any CPU.ActiveCfg = Debug|Any CPU
		{CCD068C6-D046-4DA6-9ACE-DC8F7C8E0342}.Debug|Any CPU.Build.0 = Debug|Any CPU
		{CCD068C6-D046-4DA6-9ACE-DC8F7C8E0342}.Release|Any CPU.ActiveCfg = Release|Any CPU
		{CCD068C6-D046-4DA6-9ACE-DC8F7C8E0342}.Release|Any CPU.Build.0 = Release|Any CPU
		{98D93D70-7B60-4B6B-85F5-AF25F02D5A7F}.Debug|Any CPU.ActiveCfg = Debug|Any CPU
		{98D93D70-7B60-4B6B-85F5-AF25F02D5A7F}.Debug|Any CPU.Build.0 = Debug|Any CPU
		{98D93D70-7B60-4B6B-85F5-AF25F02D5A7F}.Release|Any CPU.ActiveCfg = Release|Any CPU
		{98D93D70-7B60-4B6B-85F5-AF25F02D5A7F}.Release|Any CPU.Build.0 = Release|Any CPU
		{D2BE5085-7EAF-4F07-BBCB-A654A73F9B44}.Debug|Any CPU.ActiveCfg = Debug|Any CPU
		{D2BE5085-7EAF-4F07-BBCB-A654A73F9B44}.Debug|Any CPU.Build.0 = Debug|Any CPU
		{D2BE5085-7EAF-4F07-BBCB-A654A73F9B44}.Release|Any CPU.ActiveCfg = Release|Any CPU
		{D2BE5085-7EAF-4F07-BBCB-A654A73F9B44}.Release|Any CPU.Build.0 = Release|Any CPU
		{1F5A92F4-E4BA-413F-9D60-3A128232FA4B}.Debug|Any CPU.ActiveCfg = Debug|Any CPU
		{1F5A92F4-E4BA-413F-9D60-3A128232FA4B}.Debug|Any CPU.Build.0 = Debug|Any CPU
		{1F5A92F4-E4BA-413F-9D60-3A128232FA4B}.Release|Any CPU.ActiveCfg = Release|Any CPU
		{1F5A92F4-E4BA-413F-9D60-3A128232FA4B}.Release|Any CPU.Build.0 = Release|Any CPU
		{740E5C8A-02F3-42C4-B7A2-3585857903F4}.Debug|Any CPU.ActiveCfg = Debug|Any CPU
		{740E5C8A-02F3-42C4-B7A2-3585857903F4}.Debug|Any CPU.Build.0 = Debug|Any CPU
		{740E5C8A-02F3-42C4-B7A2-3585857903F4}.Release|Any CPU.ActiveCfg = Release|Any CPU
		{740E5C8A-02F3-42C4-B7A2-3585857903F4}.Release|Any CPU.Build.0 = Release|Any CPU
	EndGlobalSection
	GlobalSection(SolutionProperties) = preSolution
		HideSolutionNode = FALSE
	EndGlobalSection
	GlobalSection(NestedProjects) = preSolution
		{968DC1F4-C7A3-4DCC-A203-E7604105132B} = {38EA2721-14BC-4151-927B-3A48D19EF16D}
		{55386C77-E6A7-4FC9-8450-9C882E271485} = {4EA3A1C3-8B44-4DB5-A3D9-19C79D00C94E}
		{6293E4F1-C781-462C-9148-DAA737A65DBE} = {4EA3A1C3-8B44-4DB5-A3D9-19C79D00C94E}
		{E72B997D-41B5-4546-932C-D7F870DAE1CB} = {5FF7921E-7B45-4D9F-874C-981C9C41DB61}
		{CCD068C6-D046-4DA6-9ACE-DC8F7C8E0342} = {6991065A-44EC-40A6-823D-FA3D26CE57A2}
		{98D93D70-7B60-4B6B-85F5-AF25F02D5A7F} = {2067BC46-F5CC-4AF9-917D-A1613C780BBF}
		{D2BE5085-7EAF-4F07-BBCB-A654A73F9B44} = {4EA3A1C3-8B44-4DB5-A3D9-19C79D00C94E}
		{1F5A92F4-E4BA-413F-9D60-3A128232FA4B} = {61CBC543-C2DA-479B-A3F8-F8EA8F2CB567}
		{740E5C8A-02F3-42C4-B7A2-3585857903F4} = {2067BC46-F5CC-4AF9-917D-A1613C780BBF}
	EndGlobalSection
	GlobalSection(ExtensibilityGlobals) = postSolution
		SolutionGuid = {133CF34A-0959-4B2C-AFFF-27AA1C02C572}
	EndGlobalSection
EndGlobal
